
Microsoft Visual Studio Solution File, Format Version 12.00
# Visual Studio 14
VisualStudioVersion = 14.0.25420.1
MinimumVisualStudioVersion = 10.0.40219.1
Project("{2150E333-8FDC-42A3-9474-1A3956D46DE8}") = "src", "src", "{D2BF584A-F4CA-41EA-8F47-E170967D2D64}"
EndProject
Project("{2150E333-8FDC-42A3-9474-1A3956D46DE8}") = "Solution Items", "Solution Items", "{4CE3AC3D-F7BC-490A-AF87-399F8FD23C6C}"
	ProjectSection(SolutionItems) = preProject
		global.json = global.json
	EndProjectSection
EndProject
Project("{8BB2217D-0F2D-49D1-97BC-3654ED321F3B}") = "RPG", "src\RPG\RPG.xproj", "{84B8B8D7-CFB0-4622-8C26-62591D5091DA}"
EndProject
Global
	GlobalSection(SolutionConfigurationPlatforms) = preSolution
		Debug|Any CPU = Debug|Any CPU
		Release|Any CPU = Release|Any CPU
	EndGlobalSection
	GlobalSection(ProjectConfigurationPlatforms) = postSolution
		{84B8B8D7-CFB0-4622-8C26-62591D5091DA}.Debug|Any CPU.ActiveCfg = Debug|Any CPU
		{84B8B8D7-CFB0-4622-8C26-62591D5091DA}.Debug|Any CPU.Build.0 = Debug|Any CPU
		{84B8B8D7-CFB0-4622-8C26-62591D5091DA}.Release|Any CPU.ActiveCfg = Release|Any CPU
		{84B8B8D7-CFB0-4622-8C26-62591D5091DA}.Release|Any CPU.Build.0 = Release|Any CPU
	EndGlobalSection
	GlobalSection(SolutionProperties) = preSolution
		HideSolutionNode = FALSE
	EndGlobalSection
	GlobalSection(NestedProjects) = preSolution
		{84B8B8D7-CFB0-4622-8C26-62591D5091DA} = {D2BF584A-F4CA-41EA-8F47-E170967D2D64}
	EndGlobalSection
EndGlobal
